// !$*UTF8*$!
{
	archiveVersion = 1;
	classes = {
	};
	objectVersion = 50;
	objects = {

/* Begin PBXBuildFile section */
		A1D2355521A497B7004EF0EC /* AppDelegate.m in Sources */ = {isa = PBXBuildFile; fileRef = A1D2355421A497B7004EF0EC /* AppDelegate.m */; };
		A1D2355821A497B7004EF0EC /* FirstViewController.m in Sources */ = {isa = PBXBuildFile; fileRef = A1D2355721A497B7004EF0EC /* FirstViewController.m */; };
		A1D2355B21A497B7004EF0EC /* SecondViewController.m in Sources */ = {isa = PBXBuildFile; fileRef = A1D2355A21A497B7004EF0EC /* SecondViewController.m */; };
		A1D2355E21A497B7004EF0EC /* Main.storyboard in Resources */ = {isa = PBXBuildFile; fileRef = A1D2355C21A497B7004EF0EC /* Main.storyboard */; };
		A1D2356021A497B8004EF0EC /* Assets.xcassets in Resources */ = {isa = PBXBuildFile; fileRef = A1D2355F21A497B8004EF0EC /* Assets.xcassets */; };
		A1D2356321A497B8004EF0EC /* LaunchScreen.storyboard in Resources */ = {isa = PBXBuildFile; fileRef = A1D2356121A497B8004EF0EC /* LaunchScreen.storyboard */; };
		A1D2356621A497B8004EF0EC /* main.m in Sources */ = {isa = PBXBuildFile; fileRef = A1D2356521A497B8004EF0EC /* main.m */; };
		A1D2356E21A4B279004EF0EC /* Restaurant.m in Sources */ = {isa = PBXBuildFile; fileRef = A1D2356D21A4B279004EF0EC /* Restaurant.m */; };
/* End PBXBuildFile section */

/* Begin PBXFileReference section */
		A1D2355021A497B7004EF0EC /* FinalProject.app */ = {isa = PBXFileReference; explicitFileType = wrapper.application; includeInIndex = 0; path = FinalProject.app; sourceTree = BUILT_PRODUCTS_DIR; };
		A1D2355321A497B7004EF0EC /* AppDelegate.h */ = {isa = PBXFileReference; lastKnownFileType = sourcecode.c.h; path = AppDelegate.h; sourceTree = "<group>"; };
		A1D2355421A497B7004EF0EC /* AppDelegate.m */ = {isa = PBXFileReference; lastKnownFileType = sourcecode.c.objc; path = AppDelegate.m; sourceTree = "<group>"; };
		A1D2355621A497B7004EF0EC /* FirstViewController.h */ = {isa = PBXFileReference; lastKnownFileType = sourcecode.c.h; path = FirstViewController.h; sourceTree = "<group>"; };
		A1D2355721A497B7004EF0EC /* FirstViewController.m */ = {isa = PBXFileReference; lastKnownFileType = sourcecode.c.objc; path = FirstViewController.m; sourceTree = "<group>"; };
		A1D2355921A497B7004EF0EC /* SecondViewController.h */ = {isa = PBXFileReference; lastKnownFileType = sourcecode.c.h; path = SecondViewController.h; sourceTree = "<group>"; };
		A1D2355A21A497B7004EF0EC /* SecondViewController.m */ = {isa = PBXFileReference; lastKnownFileType = sourcecode.c.objc; path = SecondViewController.m; sourceTree = "<group>"; };
		A1D2355D21A497B7004EF0EC /* Base */ = {isa = PBXFileReference; lastKnownFileType = file.storyboard; name = Base; path = Base.lproj/Main.storyboard; sourceTree = "<group>"; };
		A1D2355F21A497B8004EF0EC /* Assets.xcassets */ = {isa = PBXFileReference; lastKnownFileType = folder.assetcatalog; path = Assets.xcassets; sourceTree = "<group>"; };
		A1D2356221A497B8004EF0EC /* Base */ = {isa = PBXFileReference; lastKnownFileType = file.storyboard; name = Base; path = Base.lproj/LaunchScreen.storyboard; sourceTree = "<group>"; };
		A1D2356421A497B8004EF0EC /* Info.plist */ = {isa = PBXFileReference; lastKnownFileType = text.plist.xml; path = Info.plist; sourceTree = "<group>"; };
		A1D2356521A497B8004EF0EC /* main.m */ = {isa = PBXFileReference; lastKnownFileType = sourcecode.c.objc; path = main.m; sourceTree = "<group>"; };
		A1D2356C21A4B279004EF0EC /* Restaurant.h */ = {isa = PBXFileReference; lastKnownFileType = sourcecode.c.h; path = Restaurant.h; sourceTree = "<group>"; };
		A1D2356D21A4B279004EF0EC /* Restaurant.m */ = {isa = PBXFileReference; lastKnownFileType = sourcecode.c.objc; path = Restaurant.m; sourceTree = "<group>"; };
/* End PBXFileReference section */

/* Begin PBXFrameworksBuildPhase section */
		A1D2354D21A497B7004EF0EC /* Frameworks */ = {
			isa = PBXFrameworksBuildPhase;
			buildActionMask = 2147483647;
			files = (
			);
			runOnlyForDeploymentPostprocessing = 0;
		};
/* End PBXFrameworksBuildPhase section */

/* Begin PBXGroup section */
		A1D2354721A497B7004EF0EC = {
			isa = PBXGroup;
			children = (
				A1D2355221A497B7004EF0EC /* FinalProject */,
				A1D2355121A497B7004EF0EC /* Products */,
			);
			sourceTree = "<group>";
		};
		A1D2355121A497B7004EF0EC /* Products */ = {
			isa = PBXGroup;
			children = (
				A1D2355021A497B7004EF0EC /* FinalProject.app */,
			);
			name = Products;
			sourceTree = "<group>";
		};
		A1D2355221A497B7004EF0EC /* FinalProject */ = {
			isa = PBXGroup;
			children = (
				A1D2355321A497B7004EF0EC /* AppDelegate.h */,
				A1D2355421A497B7004EF0EC /* AppDelegate.m */,
				A1D2355621A497B7004EF0EC /* FirstViewController.h */,
				A1D2355721A497B7004EF0EC /* FirstViewController.m */,
				A1D2356C21A4B279004EF0EC /* Restaurant.h */,
				A1D2356D21A4B279004EF0EC /* Restaurant.m */,
				A1D2355921A497B7004EF0EC /* SecondViewController.h */,
				A1D2355A21A497B7004EF0EC /* SecondViewController.m */,
				A1D2355C21A497B7004EF0EC /* Main.storyboard */,
				A1D2355F21A497B8004EF0EC /* Assets.xcassets */,
				A1D2356121A497B8004EF0EC /* LaunchScreen.storyboard */,
				A1D2356421A497B8004EF0EC /* Info.plist */,
				A1D2356521A497B8004EF0EC /* main.m */,
			);
			path = FinalProject;
			sourceTree = "<group>";
		};
/* End PBXGroup section */

/* Begin PBXNativeTarget section */
		A1D2354F21A497B7004EF0EC /* FinalProject */ = {
			isa = PBXNativeTarget;
			buildConfigurationList = A1D2356921A497B8004EF0EC /* Build configuration list for PBXNativeTarget "FinalProject" */;
			buildPhases = (
				A1D2354C21A497B7004EF0EC /* Sources */,
				A1D2354D21A497B7004EF0EC /* Frameworks */,
				A1D2354E21A497B7004EF0EC /* Resources */,
			);
			buildRules = (
			);
			dependencies = (
			);
			name = FinalProject;
			productName = FinalProject;
			productReference = A1D2355021A497B7004EF0EC /* FinalProject.app */;
			productType = "com.apple.product-type.application";
		};
/* End PBXNativeTarget section */

/* Begin PBXProject section */
		A1D2354821A497B7004EF0EC /* Project object */ = {
			isa = PBXProject;
			attributes = {
				LastUpgradeCheck = 1000;
				ORGANIZATIONNAME = Dylan;
				TargetAttributes = {
					A1D2354F21A497B7004EF0EC = {
						CreatedOnToolsVersion = 10.0;
					};
				};
			};
			buildConfigurationList = A1D2354B21A497B7004EF0EC /* Build configuration list for PBXProject "FinalProject" */;
			compatibilityVersion = "Xcode 9.3";
			developmentRegion = en;
			hasScannedForEncodings = 0;
			knownRegions = (
				en,
				Base,
			);
			mainGroup = A1D2354721A497B7004EF0EC;
			productRefGroup = A1D2355121A497B7004EF0EC /* Products */;
			projectDirPath = "";
			projectRoot = "";
			targets = (
				A1D2354F21A497B7004EF0EC /* FinalProject */,
			);
		};
/* End PBXProject section */

/* Begin PBXResourcesBuildPhase section */
		A1D2354E21A497B7004EF0EC /* Resources */ = {
			isa = PBXResourcesBuildPhase;
			buildActionMask = 2147483647;
			files = (
				A1D2356321A497B8004EF0EC /* LaunchScreen.storyboard in Resources */,
				A1D2356021A497B8004EF0EC /* Assets.xcassets in Resources */,
				A1D2355E21A497B7004EF0EC /* Main.storyboard in Resources */,
			);
			runOnlyForDeploymentPostprocessing = 0;
		};
/* End PBXResourcesBuildPhase section */

/* Begin PBXSourcesBuildPhase section */
		A1D2354C21A497B7004EF0EC /* Sources */ = {
			isa = PBXSourcesBuildPhase;
			buildActionMask = 2147483647;
			files = (
				A1D2355B21A497B7004EF0EC /* SecondViewController.m in Sources */,
				A1D2356E21A4B279004EF0EC /* Restaurant.m in Sources */,
				A1D2355521A497B7004EF0EC /* AppDelegate.m in Sources */,
				A1D2356621A497B8004EF0EC /* main.m in Sources */,
				A1D2355821A497B7004EF0EC /* FirstViewController.m in Sources */,
			);
			runOnlyForDeploymentPostprocessing = 0;
		};
/* End PBXSourcesBuildPhase section */

/* Begin PBXVariantGroup section */
		A1D2355C21A497B7004EF0EC /* Main.storyboard */ = {
			isa = PBXVariantGroup;
			children = (
				A1D2355D21A497B7004EF0EC /* Base */,
			);
			name = Main.storyboard;
			sourceTree = "<group>";
		};
		A1D2356121A497B8004EF0EC /* LaunchScreen.storyboard */ = {
			isa = PBXVariantGroup;
			children = (
				A1D2356221A497B8004EF0EC /* Base */,
			);
			name = LaunchScreen.storyboard;
			sourceTree = "<group>";
		};
/* End PBXVariantGroup section */

/* Begin XCBuildConfiguration section */
		A1D2356721A497B8004EF0EC /* Debug */ = {
			isa = XCBuildConfiguration;
			buildSettings = {
				ALWAYS_SEARCH_USER_PATHS = NO;
				CLANG_ANALYZER_NONNULL = YES;
				CLANG_ANALYZER_NUMBER_OBJECT_CONVERSION = YES_AGGRESSIVE;
				CLANG_CXX_LANGUAGE_STANDARD = "gnu++14";
				CLANG_CXX_LIBRARY = "libc++";
				CLANG_ENABLE_MODULES = YES;
				CLANG_ENABLE_OBJC_ARC = YES;
				CLANG_ENABLE_OBJC_WEAK = YES;
				CLANG_WARN_BLOCK_CAPTURE_AUTORELEASING = YES;
				CLANG_WARN_BOOL_CONVERSION = YES;
				CLANG_WARN_COMMA = YES;
				CLANG_WARN_CONSTANT_CONVERSION = YES;
				CLANG_WARN_DEPRECATED_OBJC_IMPLEMENTATIONS = YES;
				CLANG_WARN_DIRECT_OBJC_ISA_USAGE = YES_ERROR;
				CLANG_WARN_DOCUMENTATION_COMMENTS = YES;
				CLANG_WARN_EMPTY_BODY = YES;
				CLANG_WARN_ENUM_CONVERSION = YES;
				CLANG_WARN_INFINITE_RECURSION = YES;
				CLANG_WARN_INT_CONVERSION = YES;
				CLANG_WARN_NON_LITERAL_NULL_CONVERSION = YES;
				CLANG_WARN_OBJC_IMPLICIT_RETAIN_SELF = YES;
				CLANG_WARN_OBJC_LITERAL_CONVERSION = YES;
				CLANG_WARN_OBJC_ROOT_CLASS = YES_ERROR;
				CLANG_WARN_RANGE_LOOP_ANALYSIS = YES;
				CLANG_WARN_STRICT_PROTOTYPES = YES;
				CLANG_WARN_SUSPICIOUS_MOVE = YES;
				CLANG_WARN_UNGUARDED_AVAILABILITY = YES_AGGRESSIVE;
				CLANG_WARN_UNREACHABLE_CODE = YES;
				CLANG_WARN__DUPLICATE_METHOD_MATCH = YES;
				CODE_SIGN_IDENTITY = "iPhone Developer";
				COPY_PHASE_STRIP = NO;
				DEBUG_INFORMATION_FORMAT = dwarf;
				ENABLE_STRICT_OBJC_MSGSEND = YES;
				ENABLE_TESTABILITY = YES;
				GCC_C_LANGUAGE_STANDARD = gnu11;
				GCC_DYNAMIC_NO_PIC = NO;
				GCC_NO_COMMON_BLOCKS = YES;
				GCC_OPTIMIZATION_LEVEL = 0;
				GCC_PREPROCESSOR_DEFINITIONS = (
					"DEBUG=1",
					"$(inherited)",
				);
				GCC_WARN_64_TO_32_BIT_CONVERSION = YES;
				GCC_WARN_ABOUT_RETURN_TYPE = YES_ERROR;
				GCC_WARN_UNDECLARED_SELECTOR = YES;
				GCC_WARN_UNINITIALIZED_AUTOS = YES_AGGRESSIVE;
				GCC_WARN_UNUSED_FUNCTION = YES;
				GCC_WARN_UNUSED_VARIABLE = YES;
				IPHONEOS_DEPLOYMENT_TARGET = 12.0;
				MTL_ENABLE_DEBUG_INFO = INCLUDE_SOURCE;
				MTL_FAST_MATH = YES;
				ONLY_ACTIVE_ARCH = YES;
				SDKROOT = iphoneos;
			};
			name = Debug;
		};
		A1D2356821A497B8004EF0EC /* Release */ = {
			isa = XCBuildConfiguration;
			buildSettings = {
				ALWAYS_SEARCH_USER_PATHS = NO;
				CLANG_ANALYZER_NONNULL = YES;
				CLANG_ANALYZER_NUMBER_OBJECT_CONVERSION = YES_AGGRESSIVE;
				CLANG_CXX_LANGUAGE_STANDARD = "gnu++14";
				CLANG_CXX_LIBRARY = "libc++";
				CLANG_ENABLE_MODULES = YES;
				CLANG_ENABLE_OBJC_ARC = YES;
				CLANG_ENABLE_OBJC_WEAK = YES;
				CLANG_WARN_BLOCK_CAPTURE_AUTORELEASING = YES;
				CLANG_WARN_BOOL_CONVERSION = YES;
				CLANG_WARN_COMMA = YES;
				CLANG_WARN_CONSTANT_CONVERSION = YES;
				CLANG_WARN_DEPRECATED_OBJC_IMPLEMENTATIONS = YES;
				CLANG_WARN_DIRECT_OBJC_ISA_USAGE = YES_ERROR;
				CLANG_WARN_DOCUMENTATION_COMMENTS = YES;
				CLANG_WARN_EMPTY_BODY = YES;
				CLANG_WARN_ENUM_CONVERSION = YES;
				CLANG_WARN_INFINITE_RECURSION = YES;
				CLANG_WARN_INT_CONVERSION = YES;
				CLANG_WARN_NON_LITERAL_NULL_CONVERSION = YES;
				CLANG_WARN_OBJC_IMPLICIT_RETAIN_SELF = YES;
				CLANG_WARN_OBJC_LITERAL_CONVERSION = YES;
				CLANG_WARN_OBJC_ROOT_CLASS = YES_ERROR;
				CLANG_WARN_RANGE_LOOP_ANALYSIS = YES;
				CLANG_WARN_STRICT_PROTOTYPES = YES;
				CLANG_WARN_SUSPICIOUS_MOVE = YES;
				CLANG_WARN_UNGUARDED_AVAILABILITY = YES_AGGRESSIVE;
				CLANG_WARN_UNREACHABLE_CODE = YES;
				CLANG_WARN__DUPLICATE_METHOD_MATCH = YES;
				CODE_SIGN_IDENTITY = "iPhone Developer";
				COPY_PHASE_STRIP = NO;
				DEBUG_INFORMATION_FORMAT = "dwarf-with-dsym";
				ENABLE_NS_ASSERTIONS = NO;
				ENABLE_STRICT_OBJC_MSGSEND = YES;
				GCC_C_LANGUAGE_STANDARD = gnu11;
				GCC_NO_COMMON_BLOCKS = YES;
				GCC_WARN_64_TO_32_BIT_CONVERSION = YES;
				GCC_WARN_ABOUT_RETURN_TYPE = YES_ERROR;
				GCC_WARN_UNDECLARED_SELECTOR = YES;
				GCC_WARN_UNINITIALIZED_AUTOS = YES_AGGRESSIVE;
				GCC_WARN_UNUSED_FUNCTION = YES;
				GCC_WARN_UNUSED_VARIABLE = YES;
				IPHONEOS_DEPLOYMENT_TARGET = 12.0;
				MTL_ENABLE_DEBUG_INFO = NO;
				MTL_FAST_MATH = YES;
				SDKROOT = iphoneos;
				VALIDATE_PRODUCT = YES;
			};
			name = Release;
		};
		A1D2356A21A497B8004EF0EC /* Debug */ = {
			isa = XCBuildConfiguration;
			buildSettings = {
				ASSETCATALOG_COMPILER_APPICON_NAME = AppIcon;
				CODE_SIGN_STYLE = Automatic;
				DEVELOPMENT_TEAM = AWCRMQBEL6;
				INFOPLIST_FILE = FinalProject/Info.plist;
				IPHONEOS_DEPLOYMENT_TARGET = 11.4;
				LD_RUNPATH_SEARCH_PATHS = (
					"$(inherited)",
					"@executable_path/Frameworks",
				);
				PRODUCT_BUNDLE_IDENTIFIER = dnpercey.FinalProject;
				PRODUCT_NAME = "$(TARGET_NAME)";
				TARGETED_DEVICE_FAMILY = "1,2";
			};
			name = Debug;
		};
		A1D2356B21A497B8004EF0EC /* Release */ = {
			isa = XCBuildConfiguration;
			buildSettings = {
				ASSETCATALOG_COMPILER_APPICON_NAME = AppIcon;
				CODE_SIGN_STYLE = Automatic;
				DEVELOPMENT_TEAM = AWCRMQBEL6;
				INFOPLIST_FILE = FinalProject/Info.plist;
				IPHONEOS_DEPLOYMENT_TARGET = 11.4;
				LD_RUNPATH_SEARCH_PATHS = (
					"$(inherited)",
					"@executable_path/Frameworks",
				);
				PRODUCT_BUNDLE_IDENTIFIER = dnpercey.FinalProject;
				PRODUCT_NAME = "$(TARGET_NAME)";
				TARGETED_DEVICE_FAMILY = "1,2";
			};
			name = Release;
		};
/* End XCBuildConfiguration section */

/* Begin XCConfigurationList section */
		A1D2354B21A497B7004EF0EC /* Build configuration list for PBXProject "FinalProject" */ = {
			isa = XCConfigurationList;
			buildConfigurations = (
				A1D2356721A497B8004EF0EC /* Debug */,
				A1D2356821A497B8004EF0EC /* Release */,
			);
			defaultConfigurationIsVisible = 0;
			defaultConfigurationName = Release;
		};
		A1D2356921A497B8004EF0EC /* Build configuration list for PBXNativeTarget "FinalProject" */ = {
			isa = XCConfigurationList;
			buildConfigurations = (
				A1D2356A21A497B8004EF0EC /* Debug */,
				A1D2356B21A497B8004EF0EC /* Release */,
			);
			defaultConfigurationIsVisible = 0;
			defaultConfigurationName = Release;
		};
/* End XCConfigurationList section */
	};
	rootObject = A1D2354821A497B7004EF0EC /* Project object */;
}
